// !$*UTF8*$!
{
	archiveVersion = 1;
	classes = {
	};
	objectVersion = 46;
	objects = {

/* Begin PBXBuildFile section */
		DDC59D681A1424FE0041BBDA /* AppDelegate.swift in Sources */ = {isa = PBXBuildFile; fileRef = DDC59D671A1424FE0041BBDA /* AppDelegate.swift */; };
		DDC59D6A1A1424FE0041BBDA /* ViewController.swift in Sources */ = {isa = PBXBuildFile; fileRef = DDC59D691A1424FE0041BBDA /* ViewController.swift */; };
/* End PBXBuildFile section */

/* Begin PBXFileReference section */
		DDC59D621A1424FE0041BBDA /* TileTester.app */ = {isa = PBXFileReference; explicitFileType = wrapper.application; includeInIndex = 0; path = TileTester.app; sourceTree = BUILT_PRODUCTS_DIR; };
		DDC59D661A1424FE0041BBDA /* Info.plist */ = {isa = PBXFileReference; lastKnownFileType = text.plist.xml; path = Info.plist; sourceTree = "<group>"; };
		DDC59D671A1424FE0041BBDA /* AppDelegate.swift */ = {isa = PBXFileReference; lastKnownFileType = sourcecode.swift; path = AppDelegate.swift; sourceTree = "<group>"; };
		DDC59D691A1424FE0041BBDA /* ViewController.swift */ = {isa = PBXFileReference; lastKnownFileType = sourcecode.swift; path = ViewController.swift; sourceTree = "<group>"; };
/* End PBXFileReference section */

/* Begin PBXFrameworksBuildPhase section */
		DDC59D5F1A1424FE0041BBDA /* Frameworks */ = {
			isa = PBXFrameworksBuildPhase;
			buildActionMask = 2147483647;
			files = (
			);
			runOnlyForDeploymentPostprocessing = 0;
		};
/* End PBXFrameworksBuildPhase section */

/* Begin PBXGroup section */
		DDC59D591A1424FE0041BBDA = {
			isa = PBXGroup;
			children = (
				DDC59D641A1424FE0041BBDA /* TileTester */,
				DDC59D631A1424FE0041BBDA /* Products */,
			);
			sourceTree = "<group>";
		};
		DDC59D631A1424FE0041BBDA /* Products */ = {
			isa = PBXGroup;
			children = (
				DDC59D621A1424FE0041BBDA /* TileTester.app */,
			);
			name = Products;
			sourceTree = "<group>";
		};
		DDC59D641A1424FE0041BBDA /* TileTester */ = {
			isa = PBXGroup;
			children = (
				DDC59D671A1424FE0041BBDA /* AppDelegate.swift */,
				DDC59D691A1424FE0041BBDA /* ViewController.swift */,
				DDC59D651A1424FE0041BBDA /* Supporting Files */,
			);
			path = TileTester;
			sourceTree = "<group>";
		};
		DDC59D651A1424FE0041BBDA /* Supporting Files */ = {
			isa = PBXGroup;
			children = (
				DDC59D661A1424FE0041BBDA /* Info.plist */,
			);
			name = "Supporting Files";
			sourceTree = "<group>";
		};
/* End PBXGroup section */

/* Begin PBXNativeTarget section */
		DDC59D611A1424FE0041BBDA /* TileTester */ = {
			isa = PBXNativeTarget;
			buildConfigurationList = DDC59D811A1424FF0041BBDA /* Build configuration list for PBXNativeTarget "TileTester" */;
			buildPhases = (
				DDC59D5E1A1424FE0041BBDA /* Sources */,
				DDC59D5F1A1424FE0041BBDA /* Frameworks */,
				DDC59D601A1424FE0041BBDA /* Resources */,
			);
			buildRules = (
			);
			dependencies = (
			);
			name = TileTester;
			productName = TileTester;
			productReference = DDC59D621A1424FE0041BBDA /* TileTester.app */;
			productType = "com.apple.product-type.application";
		};
/* End PBXNativeTarget section */

/* Begin PBXProject section */
		DDC59D5A1A1424FE0041BBDA /* Project object */ = {
			isa = PBXProject;
			attributes = {
				LastUpgradeCheck = 0610;
				ORGANIZATIONNAME = Mapbox;
				TargetAttributes = {
					DDC59D611A1424FE0041BBDA = {
						CreatedOnToolsVersion = 6.1;
					};
				};
			};
			buildConfigurationList = DDC59D5D1A1424FE0041BBDA /* Build configuration list for PBXProject "TileTester" */;
			compatibilityVersion = "Xcode 3.2";
			developmentRegion = English;
			hasScannedForEncodings = 0;
			knownRegions = (
				en,
				Base,
			);
			mainGroup = DDC59D591A1424FE0041BBDA;
			productRefGroup = DDC59D631A1424FE0041BBDA /* Products */;
			projectDirPath = "";
			projectRoot = "";
			targets = (
				DDC59D611A1424FE0041BBDA /* TileTester */,
			);
		};
/* End PBXProject section */

/* Begin PBXResourcesBuildPhase section */
		DDC59D601A1424FE0041BBDA /* Resources */ = {
			isa = PBXResourcesBuildPhase;
			buildActionMask = 2147483647;
			files = (
			);
			runOnlyForDeploymentPostprocessing = 0;
		};
/* End PBXResourcesBuildPhase section */

/* Begin PBXSourcesBuildPhase section */
		DDC59D5E1A1424FE0041BBDA /* Sources */ = {
			isa = PBXSourcesBuildPhase;
			buildActionMask = 2147483647;
			files = (
				DDC59D6A1A1424FE0041BBDA /* ViewController.swift in Sources */,
				DDC59D681A1424FE0041BBDA /* AppDelegate.swift in Sources */,
			);
			runOnlyForDeploymentPostprocessing = 0;
		};
/* End PBXSourcesBuildPhase section */

/* Begin XCBuildConfiguration section */
		DDC59D7F1A1424FF0041BBDA /* Debug */ = {
			isa = XCBuildConfiguration;
			buildSettings = {
				ALWAYS_SEARCH_USER_PATHS = NO;
				CLANG_CXX_LANGUAGE_STANDARD = "gnu++0x";
				CLANG_CXX_LIBRARY = "libc++";
				CLANG_ENABLE_MODULES = YES;
				CLANG_ENABLE_OBJC_ARC = YES;
				CLANG_WARN_BOOL_CONVERSION = YES;
				CLANG_WARN_CONSTANT_CONVERSION = YES;
				CLANG_WARN_DIRECT_OBJC_ISA_USAGE = YES_ERROR;
				CLANG_WARN_EMPTY_BODY = YES;
				CLANG_WARN_ENUM_CONVERSION = YES;
				CLANG_WARN_INT_CONVERSION = YES;
				CLANG_WARN_OBJC_ROOT_CLASS = YES_ERROR;
				CLANG_WARN_UNREACHABLE_CODE = YES;
				CLANG_WARN__DUPLICATE_METHOD_MATCH = YES;
				"CODE_SIGN_IDENTITY[sdk=iphoneos*]" = "iPhone Developer";
				COPY_PHASE_STRIP = NO;
				ENABLE_STRICT_OBJC_MSGSEND = YES;
				GCC_C_LANGUAGE_STANDARD = gnu99;
				GCC_DYNAMIC_NO_PIC = NO;
				GCC_OPTIMIZATION_LEVEL = 0;
				GCC_PREPROCESSOR_DEFINITIONS = (
					"DEBUG=1",
					"$(inherited)",
				);
				GCC_SYMBOLS_PRIVATE_EXTERN = NO;
				GCC_WARN_64_TO_32_BIT_CONVERSION = YES;
				GCC_WARN_ABOUT_RETURN_TYPE = YES_ERROR;
				GCC_WARN_UNDECLARED_SELECTOR = YES;
				GCC_WARN_UNINITIALIZED_AUTOS = YES_AGGRESSIVE;
				GCC_WARN_UNUSED_FUNCTION = YES;
				GCC_WARN_UNUSED_VARIABLE = YES;
				IPHONEOS_DEPLOYMENT_TARGET = 8.1;
				MTL_ENABLE_DEBUG_INFO = YES;
				ONLY_ACTIVE_ARCH = YES;
				SDKROOT = iphoneos;
				SWIFT_OPTIMIZATION_LEVEL = "-Onone";
				TARGETED_DEVICE_FAMILY = "1,2";
			};
			name = Debug;
		};
		DDC59D801A1424FF0041BBDA /* Release */ = {
			isa = XCBuildConfiguration;
			buildSettings = {
				ALWAYS_SEARCH_USER_PATHS = NO;
				CLANG_CXX_LANGUAGE_STANDARD = "gnu++0x";
				CLANG_CXX_LIBRARY = "libc++";
				CLANG_ENABLE_MODULES = YES;
				CLANG_ENABLE_OBJC_ARC = YES;
				CLANG_WARN_BOOL_CONVERSION = YES;
				CLANG_WARN_CONSTANT_CONVERSION = YES;
				CLANG_WARN_DIRECT_OBJC_ISA_USAGE = YES_ERROR;
				CLANG_WARN_EMPTY_BODY = YES;
				CLANG_WARN_ENUM_CONVERSION = YES;
				CLANG_WARN_INT_CONVERSION = YES;
				CLANG_WARN_OBJC_ROOT_CLASS = YES_ERROR;
				CLANG_WARN_UNREACHABLE_CODE = YES;
				CLANG_WARN__DUPLICATE_METHOD_MATCH = YES;
				"CODE_SIGN_IDENTITY[sdk=iphoneos*]" = "iPhone Developer";
				COPY_PHASE_STRIP = YES;
				ENABLE_NS_ASSERTIONS = NO;
				ENABLE_STRICT_OBJC_MSGSEND = YES;
				GCC_C_LANGUAGE_STANDARD = gnu99;
				GCC_WARN_64_TO_32_BIT_CONVERSION = YES;
				GCC_WARN_ABOUT_RETURN_TYPE = YES_ERROR;
				GCC_WARN_UNDECLARED_SELECTOR = YES;
				GCC_WARN_UNINITIALIZED_AUTOS = YES_AGGRESSIVE;
				GCC_WARN_UNUSED_FUNCTION = YES;
				GCC_WARN_UNUSED_VARIABLE = YES;
				IPHONEOS_DEPLOYMENT_TARGET = 8.1;
				MTL_ENABLE_DEBUG_INFO = NO;
				SDKROOT = iphoneos;
				TARGETED_DEVICE_FAMILY = "1,2";
				VALIDATE_PRODUCT = YES;
			};
			name = Release;
		};
		DDC59D821A1424FF0041BBDA /* Debug */ = {
			isa = XCBuildConfiguration;
			buildSettings = {
				ASSETCATALOG_COMPILER_APPICON_NAME = AppIcon;
				INFOPLIST_FILE = TileTester/Info.plist;
				IPHONEOS_DEPLOYMENT_TARGET = 7.0;
				LD_RUNPATH_SEARCH_PATHS = "$(inherited) @executable_path/Frameworks";
				PRODUCT_NAME = "$(TARGET_NAME)";
			};
			name = Debug;
		};
		DDC59D831A1424FF0041BBDA /* Release */ = {
			isa = XCBuildConfiguration;
			buildSettings = {
				ASSETCATALOG_COMPILER_APPICON_NAME = AppIcon;
				INFOPLIST_FILE = TileTester/Info.plist;
				IPHONEOS_DEPLOYMENT_TARGET = 7.0;
				LD_RUNPATH_SEARCH_PATHS = "$(inherited) @executable_path/Frameworks";
				PRODUCT_NAME = "$(TARGET_NAME)";
			};
			name = Release;
		};
/* End XCBuildConfiguration section */

/* Begin XCConfigurationList section */
		DDC59D5D1A1424FE0041BBDA /* Build configuration list for PBXProject "TileTester" */ = {
			isa = XCConfigurationList;
			buildConfigurations = (
				DDC59D7F1A1424FF0041BBDA /* Debug */,
				DDC59D801A1424FF0041BBDA /* Release */,
			);
			defaultConfigurationIsVisible = 0;
			defaultConfigurationName = Release;
		};
		DDC59D811A1424FF0041BBDA /* Build configuration list for PBXNativeTarget "TileTester" */ = {
			isa = XCConfigurationList;
			buildConfigurations = (
				DDC59D821A1424FF0041BBDA /* Debug */,
				DDC59D831A1424FF0041BBDA /* Release */,
			);
			defaultConfigurationIsVisible = 0;
			defaultConfigurationName = Release;
		};
/* End XCConfigurationList section */
	};
	rootObject = DDC59D5A1A1424FE0041BBDA /* Project object */;
}
